// !$*UTF8*$!
{
	archiveVersion = 1;
	classes = {
	};
	objectVersion = 46;
	objects = {

/* Begin PBXBuildFile section */
		AED4744E1A8C618200CEE2A5 /* main.m in Sources */ = {isa = PBXBuildFile; fileRef = AED4744D1A8C618200CEE2A5 /* main.m */; };
		AED474511A8C618200CEE2A5 /* AppDelegate.m in Sources */ = {isa = PBXBuildFile; fileRef = AED474501A8C618200CEE2A5 /* AppDelegate.m */; };
		AED474541A8C618200CEE2A5 /* ViewController.m in Sources */ = {isa = PBXBuildFile; fileRef = AED474531A8C618200CEE2A5 /* ViewController.m */; };
		AED474571A8C618200CEE2A5 /* Main.storyboard in Resources */ = {isa = PBXBuildFile; fileRef = AED474551A8C618200CEE2A5 /* Main.storyboard */; };
		AED474591A8C618200CEE2A5 /* Images.xcassets in Resources */ = {isa = PBXBuildFile; fileRef = AED474581A8C618200CEE2A5 /* Images.xcassets */; };
		AED4745C1A8C618200CEE2A5 /* LaunchScreen.xib in Resources */ = {isa = PBXBuildFile; fileRef = AED4745A1A8C618200CEE2A5 /* LaunchScreen.xib */; };
		AED474681A8C618200CEE2A5 /* AttributorTests.m in Sources */ = {isa = PBXBuildFile; fileRef = AED474671A8C618200CEE2A5 /* AttributorTests.m */; };
		AED8DF561A8E55D4004E61EB /* TextStatsViewController.m in Sources */ = {isa = PBXBuildFile; fileRef = AED8DF551A8E55D4004E61EB /* TextStatsViewController.m */; };
/* End PBXBuildFile section */

/* Begin PBXContainerItemProxy section */
		AED474621A8C618200CEE2A5 /* PBXContainerItemProxy */ = {
			isa = PBXContainerItemProxy;
			containerPortal = AED474401A8C618200CEE2A5 /* Project object */;
			proxyType = 1;
			remoteGlobalIDString = AED474471A8C618200CEE2A5;
			remoteInfo = Attributor;
		};
/* End PBXContainerItemProxy section */

/* Begin PBXFileReference section */
		AED474481A8C618200CEE2A5 /* Attributor.app */ = {isa = PBXFileReference; explicitFileType = wrapper.application; includeInIndex = 0; path = Attributor.app; sourceTree = BUILT_PRODUCTS_DIR; };
		AED4744C1A8C618200CEE2A5 /* Info.plist */ = {isa = PBXFileReference; lastKnownFileType = text.plist.xml; path = Info.plist; sourceTree = "<group>"; };
		AED4744D1A8C618200CEE2A5 /* main.m */ = {isa = PBXFileReference; lastKnownFileType = sourcecode.c.objc; path = main.m; sourceTree = "<group>"; };
		AED4744F1A8C618200CEE2A5 /* AppDelegate.h */ = {isa = PBXFileReference; lastKnownFileType = sourcecode.c.h; path = AppDelegate.h; sourceTree = "<group>"; };
		AED474501A8C618200CEE2A5 /* AppDelegate.m */ = {isa = PBXFileReference; lastKnownFileType = sourcecode.c.objc; path = AppDelegate.m; sourceTree = "<group>"; };
		AED474521A8C618200CEE2A5 /* ViewController.h */ = {isa = PBXFileReference; lastKnownFileType = sourcecode.c.h; path = ViewController.h; sourceTree = "<group>"; };
		AED474531A8C618200CEE2A5 /* ViewController.m */ = {isa = PBXFileReference; lastKnownFileType = sourcecode.c.objc; path = ViewController.m; sourceTree = "<group>"; };
		AED474561A8C618200CEE2A5 /* Base */ = {isa = PBXFileReference; lastKnownFileType = file.storyboard; name = Base; path = Base.lproj/Main.storyboard; sourceTree = "<group>"; };
		AED474581A8C618200CEE2A5 /* Images.xcassets */ = {isa = PBXFileReference; lastKnownFileType = folder.assetcatalog; path = Images.xcassets; sourceTree = "<group>"; };
		AED4745B1A8C618200CEE2A5 /* Base */ = {isa = PBXFileReference; lastKnownFileType = file.xib; name = Base; path = Base.lproj/LaunchScreen.xib; sourceTree = "<group>"; };
		AED474611A8C618200CEE2A5 /* AttributorTests.xctest */ = {isa = PBXFileReference; explicitFileType = wrapper.cfbundle; includeInIndex = 0; path = AttributorTests.xctest; sourceTree = BUILT_PRODUCTS_DIR; };
		AED474661A8C618200CEE2A5 /* Info.plist */ = {isa = PBXFileReference; lastKnownFileType = text.plist.xml; path = Info.plist; sourceTree = "<group>"; };
		AED474671A8C618200CEE2A5 /* AttributorTests.m */ = {isa = PBXFileReference; lastKnownFileType = sourcecode.c.objc; path = AttributorTests.m; sourceTree = "<group>"; };
		AED8DF541A8E55D4004E61EB /* TextStatsViewController.h */ = {isa = PBXFileReference; fileEncoding = 4; lastKnownFileType = sourcecode.c.h; path = TextStatsViewController.h; sourceTree = "<group>"; };
		AED8DF551A8E55D4004E61EB /* TextStatsViewController.m */ = {isa = PBXFileReference; fileEncoding = 4; lastKnownFileType = sourcecode.c.objc; path = TextStatsViewController.m; sourceTree = "<group>"; };
/* End PBXFileReference section */

/* Begin PBXFrameworksBuildPhase section */
		AED474451A8C618200CEE2A5 /* Frameworks */ = {
			isa = PBXFrameworksBuildPhase;
			buildActionMask = 2147483647;
			files = (
			);
			runOnlyForDeploymentPostprocessing = 0;
		};
		AED4745E1A8C618200CEE2A5 /* Frameworks */ = {
			isa = PBXFrameworksBuildPhase;
			buildActionMask = 2147483647;
			files = (
			);
			runOnlyForDeploymentPostprocessing = 0;
		};
/* End PBXFrameworksBuildPhase section */

/* Begin PBXGroup section */
		AED4743F1A8C618200CEE2A5 = {
			isa = PBXGroup;
			children = (
				AED4744A1A8C618200CEE2A5 /* Attributor */,
				AED474641A8C618200CEE2A5 /* AttributorTests */,
				AED474491A8C618200CEE2A5 /* Products */,
			);
			sourceTree = "<group>";
		};
		AED474491A8C618200CEE2A5 /* Products */ = {
			isa = PBXGroup;
			children = (
				AED474481A8C618200CEE2A5 /* Attributor.app */,
				AED474611A8C618200CEE2A5 /* AttributorTests.xctest */,
			);
			name = Products;
			sourceTree = "<group>";
		};
		AED4744A1A8C618200CEE2A5 /* Attributor */ = {
			isa = PBXGroup;
			children = (
				AED474521A8C618200CEE2A5 /* ViewController.h */,
				AED474531A8C618200CEE2A5 /* ViewController.m */,
				AED474551A8C618200CEE2A5 /* Main.storyboard */,
				AED8DF541A8E55D4004E61EB /* TextStatsViewController.h */,
				AED8DF551A8E55D4004E61EB /* TextStatsViewController.m */,
				AED474581A8C618200CEE2A5 /* Images.xcassets */,
				AED4745A1A8C618200CEE2A5 /* LaunchScreen.xib */,
				AED4744B1A8C618200CEE2A5 /* Supporting Files */,
			);
			path = Attributor;
			sourceTree = "<group>";
		};
		AED4744B1A8C618200CEE2A5 /* Supporting Files */ = {
			isa = PBXGroup;
			children = (
				AED4744F1A8C618200CEE2A5 /* AppDelegate.h */,
				AED474501A8C618200CEE2A5 /* AppDelegate.m */,
				AED4744C1A8C618200CEE2A5 /* Info.plist */,
				AED4744D1A8C618200CEE2A5 /* main.m */,
			);
			name = "Supporting Files";
			sourceTree = "<group>";
		};
		AED474641A8C618200CEE2A5 /* AttributorTests */ = {
			isa = PBXGroup;
			children = (
				AED474671A8C618200CEE2A5 /* AttributorTests.m */,
				AED474651A8C618200CEE2A5 /* Supporting Files */,
			);
			path = AttributorTests;
			sourceTree = "<group>";
		};
		AED474651A8C618200CEE2A5 /* Supporting Files */ = {
			isa = PBXGroup;
			children = (
				AED474661A8C618200CEE2A5 /* Info.plist */,
			);
			name = "Supporting Files";
			sourceTree = "<group>";
		};
/* End PBXGroup section */

/* Begin PBXNativeTarget section */
		AED474471A8C618200CEE2A5 /* Attributor */ = {
			isa = PBXNativeTarget;
			buildConfigurationList = AED4746B1A8C618200CEE2A5 /* Build configuration list for PBXNativeTarget "Attributor" */;
			buildPhases = (
				AED474441A8C618200CEE2A5 /* Sources */,
				AED474451A8C618200CEE2A5 /* Frameworks */,
				AED474461A8C618200CEE2A5 /* Resources */,
			);
			buildRules = (
			);
			dependencies = (
			);
			name = Attributor;
			productName = Attributor;
			productReference = AED474481A8C618200CEE2A5 /* Attributor.app */;
			productType = "com.apple.product-type.application";
		};
		AED474601A8C618200CEE2A5 /* AttributorTests */ = {
			isa = PBXNativeTarget;
			buildConfigurationList = AED4746E1A8C618200CEE2A5 /* Build configuration list for PBXNativeTarget "AttributorTests" */;
			buildPhases = (
				AED4745D1A8C618200CEE2A5 /* Sources */,
				AED4745E1A8C618200CEE2A5 /* Frameworks */,
				AED4745F1A8C618200CEE2A5 /* Resources */,
			);
			buildRules = (
			);
			dependencies = (
				AED474631A8C618200CEE2A5 /* PBXTargetDependency */,
			);
			name = AttributorTests;
			productName = AttributorTests;
			productReference = AED474611A8C618200CEE2A5 /* AttributorTests.xctest */;
			productType = "com.apple.product-type.bundle.unit-test";
		};
/* End PBXNativeTarget section */

/* Begin PBXProject section */
		AED474401A8C618200CEE2A5 /* Project object */ = {
			isa = PBXProject;
			attributes = {
				LastUpgradeCheck = 0610;
				ORGANIZATIONNAME = eric;
				TargetAttributes = {
					AED474471A8C618200CEE2A5 = {
						CreatedOnToolsVersion = 6.1.1;
					};
					AED474601A8C618200CEE2A5 = {
						CreatedOnToolsVersion = 6.1.1;
						TestTargetID = AED474471A8C618200CEE2A5;
					};
				};
			};
			buildConfigurationList = AED474431A8C618200CEE2A5 /* Build configuration list for PBXProject "Attributor" */;
			compatibilityVersion = "Xcode 3.2";
			developmentRegion = English;
			hasScannedForEncodings = 0;
			knownRegions = (
				en,
				Base,
			);
			mainGroup = AED4743F1A8C618200CEE2A5;
			productRefGroup = AED474491A8C618200CEE2A5 /* Products */;
			projectDirPath = "";
			projectRoot = "";
			targets = (
				AED474471A8C618200CEE2A5 /* Attributor */,
				AED474601A8C618200CEE2A5 /* AttributorTests */,
			);
		};
/* End PBXProject section */

/* Begin PBXResourcesBuildPhase section */
		AED474461A8C618200CEE2A5 /* Resources */ = {
			isa = PBXResourcesBuildPhase;
			buildActionMask = 2147483647;
			files = (
				AED474571A8C618200CEE2A5 /* Main.storyboard in Resources */,
				AED4745C1A8C618200CEE2A5 /* LaunchScreen.xib in Resources */,
				AED474591A8C618200CEE2A5 /* Images.xcassets in Resources */,
			);
			runOnlyForDeploymentPostprocessing = 0;
		};
		AED4745F1A8C618200CEE2A5 /* Resources */ = {
			isa = PBXResourcesBuildPhase;
			buildActionMask = 2147483647;
			files = (
			);
			runOnlyForDeploymentPostprocessing = 0;
		};
/* End PBXResourcesBuildPhase section */

/* Begin PBXSourcesBuildPhase section */
		AED474441A8C618200CEE2A5 /* Sources */ = {
			isa = PBXSourcesBuildPhase;
			buildActionMask = 2147483647;
			files = (
				AED474541A8C618200CEE2A5 /* ViewController.m in Sources */,
				AED474511A8C618200CEE2A5 /* AppDelegate.m in Sources */,
				AED4744E1A8C618200CEE2A5 /* main.m in Sources */,
				AED8DF561A8E55D4004E61EB /* TextStatsViewController.m in Sources */,
			);
			runOnlyForDeploymentPostprocessing = 0;
		};
		AED4745D1A8C618200CEE2A5 /* Sources */ = {
			isa = PBXSourcesBuildPhase;
			buildActionMask = 2147483647;
			files = (
				AED474681A8C618200CEE2A5 /* AttributorTests.m in Sources */,
			);
			runOnlyForDeploymentPostprocessing = 0;
		};
/* End PBXSourcesBuildPhase section */

/* Begin PBXTargetDependency section */
		AED474631A8C618200CEE2A5 /* PBXTargetDependency */ = {
			isa = PBXTargetDependency;
			target = AED474471A8C618200CEE2A5 /* Attributor */;
			targetProxy = AED474621A8C618200CEE2A5 /* PBXContainerItemProxy */;
		};
/* End PBXTargetDependency section */

/* Begin PBXVariantGroup section */
		AED474551A8C618200CEE2A5 /* Main.storyboard */ = {
			isa = PBXVariantGroup;
			children = (
				AED474561A8C618200CEE2A5 /* Base */,
			);
			name = Main.storyboard;
			sourceTree = "<group>";
		};
		AED4745A1A8C618200CEE2A5 /* LaunchScreen.xib */ = {
			isa = PBXVariantGroup;
			children = (
				AED4745B1A8C618200CEE2A5 /* Base */,
			);
			name = LaunchScreen.xib;
			sourceTree = "<group>";
		};
/* End PBXVariantGroup section */

/* Begin XCBuildConfiguration section */
		AED474691A8C618200CEE2A5 /* Debug */ = {
			isa = XCBuildConfiguration;
			buildSettings = {
				ALWAYS_SEARCH_USER_PATHS = NO;
				CLANG_CXX_LANGUAGE_STANDARD = "gnu++0x";
				CLANG_CXX_LIBRARY = "libc++";
				CLANG_ENABLE_MODULES = YES;
				CLANG_ENABLE_OBJC_ARC = YES;
				CLANG_WARN_BOOL_CONVERSION = YES;
				CLANG_WARN_CONSTANT_CONVERSION = YES;
				CLANG_WARN_DIRECT_OBJC_ISA_USAGE = YES_ERROR;
				CLANG_WARN_EMPTY_BODY = YES;
				CLANG_WARN_ENUM_CONVERSION = YES;
				CLANG_WARN_INT_CONVERSION = YES;
				CLANG_WARN_OBJC_ROOT_CLASS = YES_ERROR;
				CLANG_WARN_UNREACHABLE_CODE = YES;
				CLANG_WARN__DUPLICATE_METHOD_MATCH = YES;
				"CODE_SIGN_IDENTITY[sdk=iphoneos*]" = "iPhone Developer";
				COPY_PHASE_STRIP = NO;
				ENABLE_STRICT_OBJC_MSGSEND = YES;
				GCC_C_LANGUAGE_STANDARD = gnu99;
				GCC_DYNAMIC_NO_PIC = NO;
				GCC_OPTIMIZATION_LEVEL = 0;
				GCC_PREPROCESSOR_DEFINITIONS = (
					"DEBUG=1",
					"$(inherited)",
				);
				GCC_SYMBOLS_PRIVATE_EXTERN = NO;
				GCC_WARN_64_TO_32_BIT_CONVERSION = YES;
				GCC_WARN_ABOUT_RETURN_TYPE = YES_ERROR;
				GCC_WARN_UNDECLARED_SELECTOR = YES;
				GCC_WARN_UNINITIALIZED_AUTOS = YES_AGGRESSIVE;
				GCC_WARN_UNUSED_FUNCTION = YES;
				GCC_WARN_UNUSED_VARIABLE = YES;
				IPHONEOS_DEPLOYMENT_TARGET = 8.1;
				MTL_ENABLE_DEBUG_INFO = YES;
				ONLY_ACTIVE_ARCH = YES;
				SDKROOT = iphoneos;
			};
			name = Debug;
		};
		AED4746A1A8C618200CEE2A5 /* Release */ = {
			isa = XCBuildConfiguration;
			buildSettings = {
				ALWAYS_SEARCH_USER_PATHS = NO;
				CLANG_CXX_LANGUAGE_STANDARD = "gnu++0x";
				CLANG_CXX_LIBRARY = "libc++";
				CLANG_ENABLE_MODULES = YES;
				CLANG_ENABLE_OBJC_ARC = YES;
				CLANG_WARN_BOOL_CONVERSION = YES;
				CLANG_WARN_CONSTANT_CONVERSION = YES;
				CLANG_WARN_DIRECT_OBJC_ISA_USAGE = YES_ERROR;
				CLANG_WARN_EMPTY_BODY = YES;
				CLANG_WARN_ENUM_CONVERSION = YES;
				CLANG_WARN_INT_CONVERSION = YES;
				CLANG_WARN_OBJC_ROOT_CLASS = YES_ERROR;
				CLANG_WARN_UNREACHABLE_CODE = YES;
				CLANG_WARN__DUPLICATE_METHOD_MATCH = YES;
				"CODE_SIGN_IDENTITY[sdk=iphoneos*]" = "iPhone Developer";
				COPY_PHASE_STRIP = YES;
				ENABLE_NS_ASSERTIONS = NO;
				ENABLE_STRICT_OBJC_MSGSEND = YES;
				GCC_C_LANGUAGE_STANDARD = gnu99;
				GCC_WARN_64_TO_32_BIT_CONVERSION = YES;
				GCC_WARN_ABOUT_RETURN_TYPE = YES_ERROR;
				GCC_WARN_UNDECLARED_SELECTOR = YES;
				GCC_WARN_UNINITIALIZED_AUTOS = YES_AGGRESSIVE;
				GCC_WARN_UNUSED_FUNCTION = YES;
				GCC_WARN_UNUSED_VARIABLE = YES;
				IPHONEOS_DEPLOYMENT_TARGET = 8.1;
				MTL_ENABLE_DEBUG_INFO = NO;
				SDKROOT = iphoneos;
				VALIDATE_PRODUCT = YES;
			};
			name = Release;
		};
		AED4746C1A8C618200CEE2A5 /* Debug */ = {
			isa = XCBuildConfiguration;
			buildSettings = {
				ASSETCATALOG_COMPILER_APPICON_NAME = AppIcon;
				INFOPLIST_FILE = Attributor/Info.plist;
				LD_RUNPATH_SEARCH_PATHS = "$(inherited) @executable_path/Frameworks";
				PRODUCT_NAME = "$(TARGET_NAME)";
				TARGETED_DEVICE_FAMILY = 1;
			};
			name = Debug;
		};
		AED4746D1A8C618200CEE2A5 /* Release */ = {
			isa = XCBuildConfiguration;
			buildSettings = {
				ASSETCATALOG_COMPILER_APPICON_NAME = AppIcon;
				INFOPLIST_FILE = Attributor/Info.plist;
				LD_RUNPATH_SEARCH_PATHS = "$(inherited) @executable_path/Frameworks";
				PRODUCT_NAME = "$(TARGET_NAME)";
				TARGETED_DEVICE_FAMILY = 1;
			};
			name = Release;
		};
		AED4746F1A8C618200CEE2A5 /* Debug */ = {
			isa = XCBuildConfiguration;
			buildSettings = {
				BUNDLE_LOADER = "$(TEST_HOST)";
				FRAMEWORK_SEARCH_PATHS = (
					"$(SDKROOT)/Developer/Library/Frameworks",
					"$(inherited)",
				);
				GCC_PREPROCESSOR_DEFINITIONS = (
					"DEBUG=1",
					"$(inherited)",
				);
				INFOPLIST_FILE = AttributorTests/Info.plist;
				LD_RUNPATH_SEARCH_PATHS = "$(inherited) @executable_path/Frameworks @loader_path/Frameworks";
				PRODUCT_NAME = "$(TARGET_NAME)";
				TEST_HOST = "$(BUILT_PRODUCTS_DIR)/Attributor.app/Attributor";
			};
			name = Debug;
		};
		AED474701A8C618200CEE2A5 /* Release */ = {
			isa = XCBuildConfiguration;
			buildSettings = {
				BUNDLE_LOADER = "$(TEST_HOST)";
				FRAMEWORK_SEARCH_PATHS = (
					"$(SDKROOT)/Developer/Library/Frameworks",
					"$(inherited)",
				);
				INFOPLIST_FILE = AttributorTests/Info.plist;
				LD_RUNPATH_SEARCH_PATHS = "$(inherited) @executable_path/Frameworks @loader_path/Frameworks";
				PRODUCT_NAME = "$(TARGET_NAME)";
				TEST_HOST = "$(BUILT_PRODUCTS_DIR)/Attributor.app/Attributor";
			};
			name = Release;
		};
/* End XCBuildConfiguration section */

/* Begin XCConfigurationList section */
		AED474431A8C618200CEE2A5 /* Build configuration list for PBXProject "Attributor" */ = {
			isa = XCConfigurationList;
			buildConfigurations = (
				AED474691A8C618200CEE2A5 /* Debug */,
				AED4746A1A8C618200CEE2A5 /* Release */,
			);
			defaultConfigurationIsVisible = 0;
			defaultConfigurationName = Release;
		};
		AED4746B1A8C618200CEE2A5 /* Build configuration list for PBXNativeTarget "Attributor" */ = {
			isa = XCConfigurationList;
			buildConfigurations = (
				AED4746C1A8C618200CEE2A5 /* Debug */,
				AED4746D1A8C618200CEE2A5 /* Release */,
			);
			defaultConfigurationIsVisible = 0;
			defaultConfigurationName = Release;
		};
		AED4746E1A8C618200CEE2A5 /* Build configuration list for PBXNativeTarget "AttributorTests" */ = {
			isa = XCConfigurationList;
			buildConfigurations = (
				AED4746F1A8C618200CEE2A5 /* Debug */,
				AED474701A8C618200CEE2A5 /* Release */,
			);
			defaultConfigurationIsVisible = 0;
			defaultConfigurationName = Release;
		};
/* End XCConfigurationList section */
	};
	rootObject = AED474401A8C618200CEE2A5 /* Project object */;
}
